<?xml version="1.0" encoding="utf-8"?>
<Project ToolsVersion="17.0" xmlns="http://schemas.microsoft.com/developer/msbuild/2003">
  <ItemGroup>
    <ClCompile Include="D:\80th_special_version\Shower-of-Flowers-Brambles\Project-Dillen\tests\war_history_slice_probe.cpp">
      <Filter>Source Files</Filter>
    </ClCompile>
  </ItemGroup>
  <ItemGroup>
    <CustomBuild Include="D:\80th_special_version\Shower-of-Flowers-Brambles\Project-Dillen\tests\CMakeLists.txt" />
  </ItemGroup>
  <ItemGroup>
    <Filter Include="Source Files">
      <UniqueIdentifier>{FE125A95-A818-37CB-978E-7EB01E65F60A}</UniqueIdentifier>
    </Filter>
  </ItemGroup>
</Project>
