<?xml version="1.0" encoding="utf-8"?>
<Project ToolsVersion="17.0" xmlns="http://schemas.microsoft.com/developer/msbuild/2003">
  <ItemGroup>
    <ClCompile Include="D:\80th_special_version\Shower-of-Flowers-Brambles\Project-Dillen\src\content\country_definition_registry.cpp">
      <Filter>Source Files</Filter>
    </ClCompile>
    <ClCompile Include="D:\80th_special_version\Shower-of-Flowers-Brambles\Project-Dillen\src\content\country_history_registry.cpp">
      <Filter>Source Files</Filter>
    </ClCompile>
    <ClCompile Include="D:\80th_special_version\Shower-of-Flowers-Brambles\Project-Dillen\src\content\country_tag_definition.cpp">
      <Filter>Source Files</Filter>
    </ClCompile>
    <ClCompile Include="D:\80th_special_version\Shower-of-Flowers-Brambles\Project-Dillen\src\content\definition_date.cpp">
      <Filter>Source Files</Filter>
    </ClCompile>
    <ClCompile Include="D:\80th_special_version\Shower-of-Flowers-Brambles\Project-Dillen\src\content\definition_registry.cpp">
      <Filter>Source Files</Filter>
    </ClCompile>
    <ClCompile Include="D:\80th_special_version\Shower-of-Flowers-Brambles\Project-Dillen\src\content\diplomacy_history.cpp">
      <Filter>Source Files</Filter>
    </ClCompile>
    <ClCompile Include="D:\80th_special_version\Shower-of-Flowers-Brambles\Project-Dillen\src\content\diplomacy_history_registry.cpp">
      <Filter>Source Files</Filter>
    </ClCompile>
    <ClCompile Include="D:\80th_special_version\Shower-of-Flowers-Brambles\Project-Dillen\src\content\launch_definition.cpp">
      <Filter>Source Files</Filter>
    </ClCompile>
    <ClCompile Include="D:\80th_special_version\Shower-of-Flowers-Brambles\Project-Dillen\src\content\launch_definition_registry.cpp">
      <Filter>Source Files</Filter>
    </ClCompile>
    <ClCompile Include="D:\80th_special_version\Shower-of-Flowers-Brambles\Project-Dillen\src\content\order_of_battle_definition.cpp">
      <Filter>Source Files</Filter>
    </ClCompile>
    <ClCompile Include="D:\80th_special_version\Shower-of-Flowers-Brambles\Project-Dillen\src\content\order_of_battle_definition_registry.cpp">
      <Filter>Source Files</Filter>
    </ClCompile>
    <ClCompile Include="D:\80th_special_version\Shower-of-Flowers-Brambles\Project-Dillen\src\content\province_definition.cpp">
      <Filter>Source Files</Filter>
    </ClCompile>
    <ClCompile Include="D:\80th_special_version\Shower-of-Flowers-Brambles\Project-Dillen\src\content\province_definition_registry.cpp">
      <Filter>Source Files</Filter>
    </ClCompile>
    <ClCompile Include="D:\80th_special_version\Shower-of-Flowers-Brambles\Project-Dillen\src\content\province_history_registry.cpp">
      <Filter>Source Files</Filter>
    </ClCompile>
    <ClCompile Include="D:\80th_special_version\Shower-of-Flowers-Brambles\Project-Dillen\src\content\region_definition.cpp">
      <Filter>Source Files</Filter>
    </ClCompile>
    <ClCompile Include="D:\80th_special_version\Shower-of-Flowers-Brambles\Project-Dillen\src\content\region_definition_registry.cpp">
      <Filter>Source Files</Filter>
    </ClCompile>
    <ClCompile Include="D:\80th_special_version\Shower-of-Flowers-Brambles\Project-Dillen\src\content\technology_definition.cpp">
      <Filter>Source Files</Filter>
    </ClCompile>
    <ClCompile Include="D:\80th_special_version\Shower-of-Flowers-Brambles\Project-Dillen\src\content\technology_definition_registry.cpp">
      <Filter>Source Files</Filter>
    </ClCompile>
    <ClCompile Include="D:\80th_special_version\Shower-of-Flowers-Brambles\Project-Dillen\src\content\unit_model_definition.cpp">
      <Filter>Source Files</Filter>
    </ClCompile>
    <ClCompile Include="D:\80th_special_version\Shower-of-Flowers-Brambles\Project-Dillen\src\content\unit_model_definition_registry.cpp">
      <Filter>Source Files</Filter>
    </ClCompile>
    <ClCompile Include="D:\80th_special_version\Shower-of-Flowers-Brambles\Project-Dillen\src\content\unit_type_definition.cpp">
      <Filter>Source Files</Filter>
    </ClCompile>
    <ClCompile Include="D:\80th_special_version\Shower-of-Flowers-Brambles\Project-Dillen\src\content\unit_type_definition_registry.cpp">
      <Filter>Source Files</Filter>
    </ClCompile>
    <ClCompile Include="D:\80th_special_version\Shower-of-Flowers-Brambles\Project-Dillen\src\content\war_history.cpp">
      <Filter>Source Files</Filter>
    </ClCompile>
    <ClCompile Include="D:\80th_special_version\Shower-of-Flowers-Brambles\Project-Dillen\src\content\war_history_registry.cpp">
      <Filter>Source Files</Filter>
    </ClCompile>
  </ItemGroup>
  <ItemGroup>
    <ClInclude Include="D:\80th_special_version\Shower-of-Flowers-Brambles\Project-Dillen\src\content\country_definition.hpp">
      <Filter>Header Files</Filter>
    </ClInclude>
    <ClInclude Include="D:\80th_special_version\Shower-of-Flowers-Brambles\Project-Dillen\src\content\country_definition_registry.hpp">
      <Filter>Header Files</Filter>
    </ClInclude>
    <ClInclude Include="D:\80th_special_version\Shower-of-Flowers-Brambles\Project-Dillen\src\content\country_history.hpp">
      <Filter>Header Files</Filter>
    </ClInclude>
    <ClInclude Include="D:\80th_special_version\Shower-of-Flowers-Brambles\Project-Dillen\src\content\country_history_registry.hpp">
      <Filter>Header Files</Filter>
    </ClInclude>
    <ClInclude Include="D:\80th_special_version\Shower-of-Flowers-Brambles\Project-Dillen\src\content\country_tag_definition.hpp">
      <Filter>Header Files</Filter>
    </ClInclude>
    <ClInclude Include="D:\80th_special_version\Shower-of-Flowers-Brambles\Project-Dillen\src\content\definition_date.hpp">
      <Filter>Header Files</Filter>
    </ClInclude>
    <ClInclude Include="D:\80th_special_version\Shower-of-Flowers-Brambles\Project-Dillen\src\content\definition_origin.hpp">
      <Filter>Header Files</Filter>
    </ClInclude>
    <ClInclude Include="D:\80th_special_version\Shower-of-Flowers-Brambles\Project-Dillen\src\content\definition_registry.hpp">
      <Filter>Header Files</Filter>
    </ClInclude>
    <ClInclude Include="D:\80th_special_version\Shower-of-Flowers-Brambles\Project-Dillen\src\content\diplomacy_history.hpp">
      <Filter>Header Files</Filter>
    </ClInclude>
    <ClInclude Include="D:\80th_special_version\Shower-of-Flowers-Brambles\Project-Dillen\src\content\diplomacy_history_registry.hpp">
      <Filter>Header Files</Filter>
    </ClInclude>
    <ClInclude Include="D:\80th_special_version\Shower-of-Flowers-Brambles\Project-Dillen\src\content\launch_definition.hpp">
      <Filter>Header Files</Filter>
    </ClInclude>
    <ClInclude Include="D:\80th_special_version\Shower-of-Flowers-Brambles\Project-Dillen\src\content\launch_definition_registry.hpp">
      <Filter>Header Files</Filter>
    </ClInclude>
    <ClInclude Include="D:\80th_special_version\Shower-of-Flowers-Brambles\Project-Dillen\src\content\order_of_battle_definition.hpp">
      <Filter>Header Files</Filter>
    </ClInclude>
    <ClInclude Include="D:\80th_special_version\Shower-of-Flowers-Brambles\Project-Dillen\src\content\order_of_battle_definition_registry.hpp">
      <Filter>Header Files</Filter>
    </ClInclude>
    <ClInclude Include="D:\80th_special_version\Shower-of-Flowers-Brambles\Project-Dillen\src\content\province_definition.hpp">
      <Filter>Header Files</Filter>
    </ClInclude>
    <ClInclude Include="D:\80th_special_version\Shower-of-Flowers-Brambles\Project-Dillen\src\content\province_definition_registry.hpp">
      <Filter>Header Files</Filter>
    </ClInclude>
    <ClInclude Include="D:\80th_special_version\Shower-of-Flowers-Brambles\Project-Dillen\src\content\province_history.hpp">
      <Filter>Header Files</Filter>
    </ClInclude>
    <ClInclude Include="D:\80th_special_version\Shower-of-Flowers-Brambles\Project-Dillen\src\content\province_history_registry.hpp">
      <Filter>Header Files</Filter>
    </ClInclude>
    <ClInclude Include="D:\80th_special_version\Shower-of-Flowers-Brambles\Project-Dillen\src\content\region_definition.hpp">
      <Filter>Header Files</Filter>
    </ClInclude>
    <ClInclude Include="D:\80th_special_version\Shower-of-Flowers-Brambles\Project-Dillen\src\content\region_definition_registry.hpp">
      <Filter>Header Files</Filter>
    </ClInclude>
    <ClInclude Include="D:\80th_special_version\Shower-of-Flowers-Brambles\Project-Dillen\src\content\technology_definition.hpp">
      <Filter>Header Files</Filter>
    </ClInclude>
    <ClInclude Include="D:\80th_special_version\Shower-of-Flowers-Brambles\Project-Dillen\src\content\technology_definition_registry.hpp">
      <Filter>Header Files</Filter>
    </ClInclude>
    <ClInclude Include="D:\80th_special_version\Shower-of-Flowers-Brambles\Project-Dillen\src\content\unit_model_definition.hpp">
      <Filter>Header Files</Filter>
    </ClInclude>
    <ClInclude Include="D:\80th_special_version\Shower-of-Flowers-Brambles\Project-Dillen\src\content\unit_model_definition_registry.hpp">
      <Filter>Header Files</Filter>
    </ClInclude>
    <ClInclude Include="D:\80th_special_version\Shower-of-Flowers-Brambles\Project-Dillen\src\content\unit_type_definition.hpp">
      <Filter>Header Files</Filter>
    </ClInclude>
    <ClInclude Include="D:\80th_special_version\Shower-of-Flowers-Brambles\Project-Dillen\src\content\unit_type_definition_registry.hpp">
      <Filter>Header Files</Filter>
    </ClInclude>
    <ClInclude Include="D:\80th_special_version\Shower-of-Flowers-Brambles\Project-Dillen\src\content\war_history.hpp">
      <Filter>Header Files</Filter>
    </ClInclude>
    <ClInclude Include="D:\80th_special_version\Shower-of-Flowers-Brambles\Project-Dillen\src\content\war_history_registry.hpp">
      <Filter>Header Files</Filter>
    </ClInclude>
  </ItemGroup>
  <ItemGroup>
    <CustomBuild Include="D:\80th_special_version\Shower-of-Flowers-Brambles\Project-Dillen\src\content\CMakeLists.txt" />
  </ItemGroup>
  <ItemGroup>
    <Filter Include="Header Files">
      <UniqueIdentifier>{72C88785-50E2-32D8-BA98-68513D27FE0F}</UniqueIdentifier>
    </Filter>
    <Filter Include="Source Files">
      <UniqueIdentifier>{FE125A95-A818-37CB-978E-7EB01E65F60A}</UniqueIdentifier>
    </Filter>
  </ItemGroup>
</Project>
