<?xml version="1.0" encoding="utf-8"?>
<Project ToolsVersion="17.0" xmlns="http://schemas.microsoft.com/developer/msbuild/2003">
  <ItemGroup>
    <ClCompile Include="D:\80th_special_version\Shower-of-Flowers-Brambles\Project-Dillen\src\kernel\algorithm_registry.cpp">
      <Filter>Source Files</Filter>
    </ClCompile>
    <ClCompile Include="D:\80th_special_version\Shower-of-Flowers-Brambles\Project-Dillen\src\kernel\mechanism_command.cpp">
      <Filter>Source Files</Filter>
    </ClCompile>
    <ClCompile Include="D:\80th_special_version\Shower-of-Flowers-Brambles\Project-Dillen\src\kernel\mechanism_definition_registry.cpp">
      <Filter>Source Files</Filter>
    </ClCompile>
    <ClCompile Include="D:\80th_special_version\Shower-of-Flowers-Brambles\Project-Dillen\src\kernel\mechanism_ids.cpp">
      <Filter>Source Files</Filter>
    </ClCompile>
    <ClCompile Include="D:\80th_special_version\Shower-of-Flowers-Brambles\Project-Dillen\src\kernel\mechanism_instance_store.cpp">
      <Filter>Source Files</Filter>
    </ClCompile>
    <ClCompile Include="D:\80th_special_version\Shower-of-Flowers-Brambles\Project-Dillen\src\kernel\mechanism_lifecycle.cpp">
      <Filter>Source Files</Filter>
    </ClCompile>
    <ClCompile Include="D:\80th_special_version\Shower-of-Flowers-Brambles\Project-Dillen\src\kernel\mechanism_query_snapshot.cpp">
      <Filter>Source Files</Filter>
    </ClCompile>
    <ClCompile Include="D:\80th_special_version\Shower-of-Flowers-Brambles\Project-Dillen\src\kernel\mechanism_scheduler.cpp">
      <Filter>Source Files</Filter>
    </ClCompile>
    <ClCompile Include="D:\80th_special_version\Shower-of-Flowers-Brambles\Project-Dillen\src\kernel\mechanism_schema.cpp">
      <Filter>Source Files</Filter>
    </ClCompile>
    <ClCompile Include="D:\80th_special_version\Shower-of-Flowers-Brambles\Project-Dillen\src\kernel\mechanism_schema_registry.cpp">
      <Filter>Source Files</Filter>
    </ClCompile>
    <ClCompile Include="D:\80th_special_version\Shower-of-Flowers-Brambles\Project-Dillen\src\kernel\mechanism_transaction.cpp">
      <Filter>Source Files</Filter>
    </ClCompile>
    <ClCompile Include="D:\80th_special_version\Shower-of-Flowers-Brambles\Project-Dillen\src\kernel\mechanism_value.cpp">
      <Filter>Source Files</Filter>
    </ClCompile>
    <ClCompile Include="D:\80th_special_version\Shower-of-Flowers-Brambles\Project-Dillen\src\kernel\world_transaction.cpp">
      <Filter>Source Files</Filter>
    </ClCompile>
    <ClCompile Include="D:\80th_special_version\Shower-of-Flowers-Brambles\Project-Dillen\src\kernel\world_command_queue.cpp">
      <Filter>Source Files</Filter>
    </ClCompile>
    <ClCompile Include="D:\80th_special_version\Shower-of-Flowers-Brambles\Project-Dillen\src\kernel\world_event.cpp">
      <Filter>Source Files</Filter>
    </ClCompile>
  </ItemGroup>
  <ItemGroup>
    <ClInclude Include="D:\80th_special_version\Shower-of-Flowers-Brambles\Project-Dillen\src\kernel\algorithm_registry.hpp">
      <Filter>Header Files</Filter>
    </ClInclude>
    <ClInclude Include="D:\80th_special_version\Shower-of-Flowers-Brambles\Project-Dillen\src\kernel\mechanism_change.hpp">
      <Filter>Header Files</Filter>
    </ClInclude>
    <ClInclude Include="D:\80th_special_version\Shower-of-Flowers-Brambles\Project-Dillen\src\kernel\mechanism_command.hpp">
      <Filter>Header Files</Filter>
    </ClInclude>
    <ClInclude Include="D:\80th_special_version\Shower-of-Flowers-Brambles\Project-Dillen\src\kernel\mechanism_definition.hpp">
      <Filter>Header Files</Filter>
    </ClInclude>
    <ClInclude Include="D:\80th_special_version\Shower-of-Flowers-Brambles\Project-Dillen\src\kernel\mechanism_definition_registry.hpp">
      <Filter>Header Files</Filter>
    </ClInclude>
    <ClInclude Include="D:\80th_special_version\Shower-of-Flowers-Brambles\Project-Dillen\src\kernel\mechanism_ids.hpp">
      <Filter>Header Files</Filter>
    </ClInclude>
    <ClInclude Include="D:\80th_special_version\Shower-of-Flowers-Brambles\Project-Dillen\src\kernel\mechanism_instance.hpp">
      <Filter>Header Files</Filter>
    </ClInclude>
    <ClInclude Include="D:\80th_special_version\Shower-of-Flowers-Brambles\Project-Dillen\src\kernel\mechanism_instance_store.hpp">
      <Filter>Header Files</Filter>
    </ClInclude>
    <ClInclude Include="D:\80th_special_version\Shower-of-Flowers-Brambles\Project-Dillen\src\kernel\mechanism_lifecycle.hpp">
      <Filter>Header Files</Filter>
    </ClInclude>
    <ClInclude Include="D:\80th_special_version\Shower-of-Flowers-Brambles\Project-Dillen\src\kernel\mechanism_query_snapshot.hpp">
      <Filter>Header Files</Filter>
    </ClInclude>
    <ClInclude Include="D:\80th_special_version\Shower-of-Flowers-Brambles\Project-Dillen\src\kernel\mechanism_scheduler.hpp">
      <Filter>Header Files</Filter>
    </ClInclude>
    <ClInclude Include="D:\80th_special_version\Shower-of-Flowers-Brambles\Project-Dillen\src\kernel\mechanism_schema.hpp">
      <Filter>Header Files</Filter>
    </ClInclude>
    <ClInclude Include="D:\80th_special_version\Shower-of-Flowers-Brambles\Project-Dillen\src\kernel\mechanism_schema_registry.hpp">
      <Filter>Header Files</Filter>
    </ClInclude>
    <ClInclude Include="D:\80th_special_version\Shower-of-Flowers-Brambles\Project-Dillen\src\kernel\mechanism_transaction.hpp">
      <Filter>Header Files</Filter>
    </ClInclude>
    <ClInclude Include="D:\80th_special_version\Shower-of-Flowers-Brambles\Project-Dillen\src\kernel\mechanism_value.hpp">
      <Filter>Header Files</Filter>
    </ClInclude>
    <ClInclude Include="D:\80th_special_version\Shower-of-Flowers-Brambles\Project-Dillen\src\kernel\world_transaction.hpp">
      <Filter>Header Files</Filter>
    </ClInclude>
    <ClInclude Include="D:\80th_special_version\Shower-of-Flowers-Brambles\Project-Dillen\src\kernel\world_command_queue.hpp">
      <Filter>Header Files</Filter>
    </ClInclude>
    <ClInclude Include="D:\80th_special_version\Shower-of-Flowers-Brambles\Project-Dillen\src\kernel\world_event.hpp">
      <Filter>Header Files</Filter>
    </ClInclude>
  </ItemGroup>
  <ItemGroup>
    <CustomBuild Include="D:\80th_special_version\Shower-of-Flowers-Brambles\Project-Dillen\src\kernel\CMakeLists.txt" />
  </ItemGroup>
  <ItemGroup>
    <Filter Include="Header Files">
      <UniqueIdentifier>{72C88785-50E2-32D8-BA98-68513D27FE0F}</UniqueIdentifier>
    </Filter>
    <Filter Include="Source Files">
      <UniqueIdentifier>{FE125A95-A818-37CB-978E-7EB01E65F60A}</UniqueIdentifier>
    </Filter>
  </ItemGroup>
</Project>
