<?xml version="1.0" encoding="utf-8"?>
<Project ToolsVersion="17.0" xmlns="http://schemas.microsoft.com/developer/msbuild/2003">
  <ItemGroup>
    <ClCompile Include="D:\80th_special_version\Shower-of-Flowers-Brambles\Project-Dillen\src\parser\analyzer.cpp">
      <Filter>Source Files</Filter>
    </ClCompile>
    <ClCompile Include="D:\80th_special_version\Shower-of-Flowers-Brambles\Project-Dillen\src\parser\diagnostic.cpp">
      <Filter>Source Files</Filter>
    </ClCompile>
    <ClCompile Include="D:\80th_special_version\Shower-of-Flowers-Brambles\Project-Dillen\src\parser\file_catalog.cpp">
      <Filter>Source Files</Filter>
    </ClCompile>
    <ClCompile Include="D:\80th_special_version\Shower-of-Flowers-Brambles\Project-Dillen\src\parser\lexer.cpp">
      <Filter>Source Files</Filter>
    </ClCompile>
    <ClCompile Include="D:\80th_special_version\Shower-of-Flowers-Brambles\Project-Dillen\src\parser\parser_cursor.cpp">
      <Filter>Source Files</Filter>
    </ClCompile>
    <ClCompile Include="D:\80th_special_version\Shower-of-Flowers-Brambles\Project-Dillen\src\parser\path_pattern.cpp">
      <Filter>Source Files</Filter>
    </ClCompile>
    <ClCompile Include="D:\80th_special_version\Shower-of-Flowers-Brambles\Project-Dillen\src\parser\parser_registry.cpp">
      <Filter>Source Files</Filter>
    </ClCompile>
    <ClCompile Include="D:\80th_special_version\Shower-of-Flowers-Brambles\Project-Dillen\src\parser\source_buffer.cpp">
      <Filter>Source Files</Filter>
    </ClCompile>
    <ClCompile Include="D:\80th_special_version\Shower-of-Flowers-Brambles\Project-Dillen\src\parser\template_registry.cpp">
      <Filter>Source Files</Filter>
    </ClCompile>
    <ClCompile Include="D:\80th_special_version\Shower-of-Flowers-Brambles\Project-Dillen\src\parser\token.cpp">
      <Filter>Source Files</Filter>
    </ClCompile>
  </ItemGroup>
  <ItemGroup>
    <ClInclude Include="D:\80th_special_version\Shower-of-Flowers-Brambles\Project-Dillen\src\parser\analyzer.hpp">
      <Filter>Header Files</Filter>
    </ClInclude>
    <ClInclude Include="D:\80th_special_version\Shower-of-Flowers-Brambles\Project-Dillen\src\parser\diagnostic.hpp">
      <Filter>Header Files</Filter>
    </ClInclude>
    <ClInclude Include="D:\80th_special_version\Shower-of-Flowers-Brambles\Project-Dillen\src\parser\file_catalog.hpp">
      <Filter>Header Files</Filter>
    </ClInclude>
    <ClInclude Include="D:\80th_special_version\Shower-of-Flowers-Brambles\Project-Dillen\src\parser\lexer.hpp">
      <Filter>Header Files</Filter>
    </ClInclude>
    <ClInclude Include="D:\80th_special_version\Shower-of-Flowers-Brambles\Project-Dillen\src\parser\parse_result.hpp">
      <Filter>Header Files</Filter>
    </ClInclude>
    <ClInclude Include="D:\80th_special_version\Shower-of-Flowers-Brambles\Project-Dillen\src\parser\parser_cursor.hpp">
      <Filter>Header Files</Filter>
    </ClInclude>
    <ClInclude Include="D:\80th_special_version\Shower-of-Flowers-Brambles\Project-Dillen\src\parser\path_pattern.hpp">
      <Filter>Header Files</Filter>
    </ClInclude>
    <ClInclude Include="D:\80th_special_version\Shower-of-Flowers-Brambles\Project-Dillen\src\parser\parser_registry.hpp">
      <Filter>Header Files</Filter>
    </ClInclude>
    <ClInclude Include="D:\80th_special_version\Shower-of-Flowers-Brambles\Project-Dillen\src\parser\source_buffer.hpp">
      <Filter>Header Files</Filter>
    </ClInclude>
    <ClInclude Include="D:\80th_special_version\Shower-of-Flowers-Brambles\Project-Dillen\src\parser\template.hpp">
      <Filter>Header Files</Filter>
    </ClInclude>
    <ClInclude Include="D:\80th_special_version\Shower-of-Flowers-Brambles\Project-Dillen\src\parser\template_registry.hpp">
      <Filter>Header Files</Filter>
    </ClInclude>
    <ClInclude Include="D:\80th_special_version\Shower-of-Flowers-Brambles\Project-Dillen\src\parser\token.hpp">
      <Filter>Header Files</Filter>
    </ClInclude>
  </ItemGroup>
  <ItemGroup>
    <CustomBuild Include="D:\80th_special_version\Shower-of-Flowers-Brambles\Project-Dillen\src\parser\CMakeLists.txt" />
  </ItemGroup>
  <ItemGroup>
    <Filter Include="Header Files">
      <UniqueIdentifier>{72C88785-50E2-32D8-BA98-68513D27FE0F}</UniqueIdentifier>
    </Filter>
    <Filter Include="Source Files">
      <UniqueIdentifier>{FE125A95-A818-37CB-978E-7EB01E65F60A}</UniqueIdentifier>
    </Filter>
  </ItemGroup>
</Project>
