<?xml version="1.0" encoding="utf-8"?>
<Project ToolsVersion="17.0" xmlns="http://schemas.microsoft.com/developer/msbuild/2003">
  <ItemGroup>
    <ClCompile Include="D:\80th_special_version\Shower-of-Flowers-Brambles\Project-Dillen\src\gui\d3d9\gui_custom_widget_d3d9.cpp">
      <Filter>Source Files</Filter>
    </ClCompile>
    <ClCompile Include="D:\80th_special_version\Shower-of-Flowers-Brambles\Project-Dillen\src\gui\d3d9\gui_d3d9_hook.cpp">
      <Filter>Source Files</Filter>
    </ClCompile>
    <ClCompile Include="D:\80th_special_version\Shower-of-Flowers-Brambles\Project-Dillen\src\gui\d3d9\gui_host_d3d9.cpp">
      <Filter>Source Files</Filter>
    </ClCompile>
    <ClCompile Include="D:\80th_special_version\Shower-of-Flowers-Brambles\Project-Dillen\src\gui\d3d9\gui_indexed_map_d3d9.cpp">
      <Filter>Source Files</Filter>
    </ClCompile>
    <ClCompile Include="D:\80th_special_version\Shower-of-Flowers-Brambles\Project-Dillen\src\gui\d3d9\gui_marker_layer_d3d9.cpp">
      <Filter>Source Files</Filter>
    </ClCompile>
    <ClCompile Include="D:\80th_special_version\Shower-of-Flowers-Brambles\Project-Dillen\src\gui\d3d9\gui_text_renderer_d3d9.cpp">
      <Filter>Source Files</Filter>
    </ClCompile>
    <ClCompile Include="D:\80th_special_version\Shower-of-Flowers-Brambles\Project-Dillen\src\gui\d3d9\gui_texture_loader_d3d9.cpp">
      <Filter>Source Files</Filter>
    </ClCompile>
  </ItemGroup>
  <ItemGroup>
    <ClInclude Include="D:\80th_special_version\Shower-of-Flowers-Brambles\Project-Dillen\src\gui\d3d9\gui_custom_widget_d3d9.h">
      <Filter>Header Files</Filter>
    </ClInclude>
    <ClInclude Include="D:\80th_special_version\Shower-of-Flowers-Brambles\Project-Dillen\src\gui\d3d9\gui_d3d9_hook.h">
      <Filter>Header Files</Filter>
    </ClInclude>
    <ClInclude Include="D:\80th_special_version\Shower-of-Flowers-Brambles\Project-Dillen\src\gui\d3d9\gui_host_d3d9.h">
      <Filter>Header Files</Filter>
    </ClInclude>
    <ClInclude Include="D:\80th_special_version\Shower-of-Flowers-Brambles\Project-Dillen\src\gui\d3d9\gui_indexed_map_d3d9.h">
      <Filter>Header Files</Filter>
    </ClInclude>
    <ClInclude Include="D:\80th_special_version\Shower-of-Flowers-Brambles\Project-Dillen\src\gui\d3d9\gui_marker_layer_d3d9.h">
      <Filter>Header Files</Filter>
    </ClInclude>
    <ClInclude Include="D:\80th_special_version\Shower-of-Flowers-Brambles\Project-Dillen\src\gui\d3d9\gui_text_renderer_d3d9.h">
      <Filter>Header Files</Filter>
    </ClInclude>
    <ClInclude Include="D:\80th_special_version\Shower-of-Flowers-Brambles\Project-Dillen\src\gui\d3d9\gui_texture_loader_d3d9.h">
      <Filter>Header Files</Filter>
    </ClInclude>
  </ItemGroup>
  <ItemGroup>
    <CustomBuild Include="D:\80th_special_version\Shower-of-Flowers-Brambles\Project-Dillen\src\gui\CMakeLists.txt" />
  </ItemGroup>
  <ItemGroup>
    <Filter Include="Header Files">
      <UniqueIdentifier>{72C88785-50E2-32D8-BA98-68513D27FE0F}</UniqueIdentifier>
    </Filter>
    <Filter Include="Source Files">
      <UniqueIdentifier>{FE125A95-A818-37CB-978E-7EB01E65F60A}</UniqueIdentifier>
    </Filter>
  </ItemGroup>
</Project>
