<?xml version="1.0" encoding="utf-8"?>
<Project ToolsVersion="17.0" xmlns="http://schemas.microsoft.com/developer/msbuild/2003">
  <ItemGroup>
    <ClCompile Include="D:\80th_special_version\Shower-of-Flowers-Brambles\Project-Dillen\src\parser\parsers\hoi3\country_definition_parser.cpp">
      <Filter>Source Files</Filter>
    </ClCompile>
    <ClCompile Include="D:\80th_special_version\Shower-of-Flowers-Brambles\Project-Dillen\src\parser\parsers\hoi3\country_definition_slice.cpp">
      <Filter>Source Files</Filter>
    </ClCompile>
    <ClCompile Include="D:\80th_special_version\Shower-of-Flowers-Brambles\Project-Dillen\src\parser\parsers\hoi3\country_history_parser.cpp">
      <Filter>Source Files</Filter>
    </ClCompile>
    <ClCompile Include="D:\80th_special_version\Shower-of-Flowers-Brambles\Project-Dillen\src\parser\parsers\hoi3\country_history_slice.cpp">
      <Filter>Source Files</Filter>
    </ClCompile>
    <ClCompile Include="D:\80th_special_version\Shower-of-Flowers-Brambles\Project-Dillen\src\parser\parsers\hoi3\country_tag_parser.cpp">
      <Filter>Source Files</Filter>
    </ClCompile>
    <ClCompile Include="D:\80th_special_version\Shower-of-Flowers-Brambles\Project-Dillen\src\parser\parsers\hoi3\country_tag_slice.cpp">
      <Filter>Source Files</Filter>
    </ClCompile>
    <ClCompile Include="D:\80th_special_version\Shower-of-Flowers-Brambles\Project-Dillen\src\parser\parsers\hoi3\diplomacy_history_parser.cpp">
      <Filter>Source Files</Filter>
    </ClCompile>
    <ClCompile Include="D:\80th_special_version\Shower-of-Flowers-Brambles\Project-Dillen\src\parser\parsers\hoi3\diplomacy_history_slice.cpp">
      <Filter>Source Files</Filter>
    </ClCompile>
    <ClCompile Include="D:\80th_special_version\Shower-of-Flowers-Brambles\Project-Dillen\src\parser\parsers\hoi3\launch_parser.cpp">
      <Filter>Source Files</Filter>
    </ClCompile>
    <ClCompile Include="D:\80th_special_version\Shower-of-Flowers-Brambles\Project-Dillen\src\parser\parsers\hoi3\launch_slice.cpp">
      <Filter>Source Files</Filter>
    </ClCompile>
    <ClCompile Include="D:\80th_special_version\Shower-of-Flowers-Brambles\Project-Dillen\src\parser\parsers\hoi3\order_of_battle_parser.cpp">
      <Filter>Source Files</Filter>
    </ClCompile>
    <ClCompile Include="D:\80th_special_version\Shower-of-Flowers-Brambles\Project-Dillen\src\parser\parsers\hoi3\order_of_battle_slice.cpp">
      <Filter>Source Files</Filter>
    </ClCompile>
    <ClCompile Include="D:\80th_special_version\Shower-of-Flowers-Brambles\Project-Dillen\src\parser\parsers\hoi3\province_definition_parser.cpp">
      <Filter>Source Files</Filter>
    </ClCompile>
    <ClCompile Include="D:\80th_special_version\Shower-of-Flowers-Brambles\Project-Dillen\src\parser\parsers\hoi3\province_definition_slice.cpp">
      <Filter>Source Files</Filter>
    </ClCompile>
    <ClCompile Include="D:\80th_special_version\Shower-of-Flowers-Brambles\Project-Dillen\src\parser\parsers\hoi3\province_history_parser.cpp">
      <Filter>Source Files</Filter>
    </ClCompile>
    <ClCompile Include="D:\80th_special_version\Shower-of-Flowers-Brambles\Project-Dillen\src\parser\parsers\hoi3\province_history_slice.cpp">
      <Filter>Source Files</Filter>
    </ClCompile>
    <ClCompile Include="D:\80th_special_version\Shower-of-Flowers-Brambles\Project-Dillen\src\parser\parsers\hoi3\region_definition_parser.cpp">
      <Filter>Source Files</Filter>
    </ClCompile>
    <ClCompile Include="D:\80th_special_version\Shower-of-Flowers-Brambles\Project-Dillen\src\parser\parsers\hoi3\region_definition_slice.cpp">
      <Filter>Source Files</Filter>
    </ClCompile>
    <ClCompile Include="D:\80th_special_version\Shower-of-Flowers-Brambles\Project-Dillen\src\parser\parsers\hoi3\scenario_overlay.cpp">
      <Filter>Source Files</Filter>
    </ClCompile>
    <ClCompile Include="D:\80th_special_version\Shower-of-Flowers-Brambles\Project-Dillen\src\parser\parsers\hoi3\technology_parser.cpp">
      <Filter>Source Files</Filter>
    </ClCompile>
    <ClCompile Include="D:\80th_special_version\Shower-of-Flowers-Brambles\Project-Dillen\src\parser\parsers\hoi3\technology_slice.cpp">
      <Filter>Source Files</Filter>
    </ClCompile>
    <ClCompile Include="D:\80th_special_version\Shower-of-Flowers-Brambles\Project-Dillen\src\parser\parsers\hoi3\unit_model_parser.cpp">
      <Filter>Source Files</Filter>
    </ClCompile>
    <ClCompile Include="D:\80th_special_version\Shower-of-Flowers-Brambles\Project-Dillen\src\parser\parsers\hoi3\unit_model_slice.cpp">
      <Filter>Source Files</Filter>
    </ClCompile>
    <ClCompile Include="D:\80th_special_version\Shower-of-Flowers-Brambles\Project-Dillen\src\parser\parsers\hoi3\unit_type_parser.cpp">
      <Filter>Source Files</Filter>
    </ClCompile>
    <ClCompile Include="D:\80th_special_version\Shower-of-Flowers-Brambles\Project-Dillen\src\parser\parsers\hoi3\unit_type_slice.cpp">
      <Filter>Source Files</Filter>
    </ClCompile>
    <ClCompile Include="D:\80th_special_version\Shower-of-Flowers-Brambles\Project-Dillen\src\parser\parsers\hoi3\war_history_parser.cpp">
      <Filter>Source Files</Filter>
    </ClCompile>
    <ClCompile Include="D:\80th_special_version\Shower-of-Flowers-Brambles\Project-Dillen\src\parser\parsers\hoi3\war_history_slice.cpp">
      <Filter>Source Files</Filter>
    </ClCompile>
  </ItemGroup>
  <ItemGroup>
    <ClInclude Include="D:\80th_special_version\Shower-of-Flowers-Brambles\Project-Dillen\src\parser\parsers\hoi3\country_definition_parser.hpp">
      <Filter>Header Files</Filter>
    </ClInclude>
    <ClInclude Include="D:\80th_special_version\Shower-of-Flowers-Brambles\Project-Dillen\src\parser\parsers\hoi3\country_definition_slice.hpp">
      <Filter>Header Files</Filter>
    </ClInclude>
    <ClInclude Include="D:\80th_special_version\Shower-of-Flowers-Brambles\Project-Dillen\src\parser\parsers\hoi3\country_history_parser.hpp">
      <Filter>Header Files</Filter>
    </ClInclude>
    <ClInclude Include="D:\80th_special_version\Shower-of-Flowers-Brambles\Project-Dillen\src\parser\parsers\hoi3\country_history_slice.hpp">
      <Filter>Header Files</Filter>
    </ClInclude>
    <ClInclude Include="D:\80th_special_version\Shower-of-Flowers-Brambles\Project-Dillen\src\parser\parsers\hoi3\country_tag_parser.hpp">
      <Filter>Header Files</Filter>
    </ClInclude>
    <ClInclude Include="D:\80th_special_version\Shower-of-Flowers-Brambles\Project-Dillen\src\parser\parsers\hoi3\country_tag_slice.hpp">
      <Filter>Header Files</Filter>
    </ClInclude>
    <ClInclude Include="D:\80th_special_version\Shower-of-Flowers-Brambles\Project-Dillen\src\parser\parsers\hoi3\diplomacy_history_parser.hpp">
      <Filter>Header Files</Filter>
    </ClInclude>
    <ClInclude Include="D:\80th_special_version\Shower-of-Flowers-Brambles\Project-Dillen\src\parser\parsers\hoi3\diplomacy_history_slice.hpp">
      <Filter>Header Files</Filter>
    </ClInclude>
    <ClInclude Include="D:\80th_special_version\Shower-of-Flowers-Brambles\Project-Dillen\src\parser\parsers\hoi3\launch_parser.hpp">
      <Filter>Header Files</Filter>
    </ClInclude>
    <ClInclude Include="D:\80th_special_version\Shower-of-Flowers-Brambles\Project-Dillen\src\parser\parsers\hoi3\launch_slice.hpp">
      <Filter>Header Files</Filter>
    </ClInclude>
    <ClInclude Include="D:\80th_special_version\Shower-of-Flowers-Brambles\Project-Dillen\src\parser\parsers\hoi3\order_of_battle_parser.hpp">
      <Filter>Header Files</Filter>
    </ClInclude>
    <ClInclude Include="D:\80th_special_version\Shower-of-Flowers-Brambles\Project-Dillen\src\parser\parsers\hoi3\order_of_battle_slice.hpp">
      <Filter>Header Files</Filter>
    </ClInclude>
    <ClInclude Include="D:\80th_special_version\Shower-of-Flowers-Brambles\Project-Dillen\src\parser\parsers\hoi3\province_definition_parser.hpp">
      <Filter>Header Files</Filter>
    </ClInclude>
    <ClInclude Include="D:\80th_special_version\Shower-of-Flowers-Brambles\Project-Dillen\src\parser\parsers\hoi3\province_definition_slice.hpp">
      <Filter>Header Files</Filter>
    </ClInclude>
    <ClInclude Include="D:\80th_special_version\Shower-of-Flowers-Brambles\Project-Dillen\src\parser\parsers\hoi3\province_history_parser.hpp">
      <Filter>Header Files</Filter>
    </ClInclude>
    <ClInclude Include="D:\80th_special_version\Shower-of-Flowers-Brambles\Project-Dillen\src\parser\parsers\hoi3\province_history_slice.hpp">
      <Filter>Header Files</Filter>
    </ClInclude>
    <ClInclude Include="D:\80th_special_version\Shower-of-Flowers-Brambles\Project-Dillen\src\parser\parsers\hoi3\region_definition_parser.hpp">
      <Filter>Header Files</Filter>
    </ClInclude>
    <ClInclude Include="D:\80th_special_version\Shower-of-Flowers-Brambles\Project-Dillen\src\parser\parsers\hoi3\region_definition_slice.hpp">
      <Filter>Header Files</Filter>
    </ClInclude>
    <ClInclude Include="D:\80th_special_version\Shower-of-Flowers-Brambles\Project-Dillen\src\parser\parsers\hoi3\scenario_overlay.hpp">
      <Filter>Header Files</Filter>
    </ClInclude>
    <ClInclude Include="D:\80th_special_version\Shower-of-Flowers-Brambles\Project-Dillen\src\parser\parsers\hoi3\technology_parser.hpp">
      <Filter>Header Files</Filter>
    </ClInclude>
    <ClInclude Include="D:\80th_special_version\Shower-of-Flowers-Brambles\Project-Dillen\src\parser\parsers\hoi3\technology_slice.hpp">
      <Filter>Header Files</Filter>
    </ClInclude>
    <ClInclude Include="D:\80th_special_version\Shower-of-Flowers-Brambles\Project-Dillen\src\parser\parsers\hoi3\unit_model_parser.hpp">
      <Filter>Header Files</Filter>
    </ClInclude>
    <ClInclude Include="D:\80th_special_version\Shower-of-Flowers-Brambles\Project-Dillen\src\parser\parsers\hoi3\unit_model_slice.hpp">
      <Filter>Header Files</Filter>
    </ClInclude>
    <ClInclude Include="D:\80th_special_version\Shower-of-Flowers-Brambles\Project-Dillen\src\parser\parsers\hoi3\unit_type_parser.hpp">
      <Filter>Header Files</Filter>
    </ClInclude>
    <ClInclude Include="D:\80th_special_version\Shower-of-Flowers-Brambles\Project-Dillen\src\parser\parsers\hoi3\unit_type_slice.hpp">
      <Filter>Header Files</Filter>
    </ClInclude>
    <ClInclude Include="D:\80th_special_version\Shower-of-Flowers-Brambles\Project-Dillen\src\parser\parsers\hoi3\war_history_parser.hpp">
      <Filter>Header Files</Filter>
    </ClInclude>
    <ClInclude Include="D:\80th_special_version\Shower-of-Flowers-Brambles\Project-Dillen\src\parser\parsers\hoi3\war_history_slice.hpp">
      <Filter>Header Files</Filter>
    </ClInclude>
  </ItemGroup>
  <ItemGroup>
    <CustomBuild Include="D:\80th_special_version\Shower-of-Flowers-Brambles\Project-Dillen\src\parser\parsers\hoi3\CMakeLists.txt" />
  </ItemGroup>
  <ItemGroup>
    <Filter Include="Header Files">
      <UniqueIdentifier>{72C88785-50E2-32D8-BA98-68513D27FE0F}</UniqueIdentifier>
    </Filter>
    <Filter Include="Source Files">
      <UniqueIdentifier>{FE125A95-A818-37CB-978E-7EB01E65F60A}</UniqueIdentifier>
    </Filter>
  </ItemGroup>
</Project>
